
Microsoft Visual Studio Solution File, Format Version 12.00
# Visual Studio Version 16
VisualStudioVersion = 16.0.29709.97
MinimumVisualStudioVersion = 10.0.40219.1
Project("{FAE04EC0-301F-11D3-BF4B-00C04F79EFBC}") = "Fabrica_Sorvete_11901055_Frederico", "Fabrica_Sorvete_11901055_Frederico\Fabrica_Sorvete_11901055_Frederico.csproj", "{A606CB98-F522-476A-B313-BEB1C9459290}"
EndProject
Global
	GlobalSection(SolutionConfigurationPlatforms) = preSolution
		Debug|Any CPU = Debug|Any CPU
		Release|Any CPU = Release|Any CPU
	EndGlobalSection
	GlobalSection(ProjectConfigurationPlatforms) = postSolution
		{A606CB98-F522-476A-B313-BEB1C9459290}.Debug|Any CPU.ActiveCfg = Debug|Any CPU
		{A606CB98-F522-476A-B313-BEB1C9459290}.Debug|Any CPU.Build.0 = Debug|Any CPU
		{A606CB98-F522-476A-B313-BEB1C9459290}.Release|Any CPU.ActiveCfg = Release|Any CPU
		{A606CB98-F522-476A-B313-BEB1C9459290}.Release|Any CPU.Build.0 = Release|Any CPU
	EndGlobalSection
	GlobalSection(SolutionProperties) = preSolution
		HideSolutionNode = FALSE
	EndGlobalSection
	GlobalSection(ExtensibilityGlobals) = postSolution
		SolutionGuid = {BFE5F7D2-6DB3-454A-B0C2-0916B42560AE}
	EndGlobalSection
EndGlobal
